<?xml version="1.0" encoding="utf-8"?>
<Project ToolsVersion="4.0" xmlns="http://schemas.microsoft.com/developer/msbuild/2003">
  <ItemGroup>
    <ClCompile Include="Main.cpp" />
    <ClCompile Include="MainGame.cpp" />
    <ClCompile Include="stdafx.cpp" />
    <ClCompile Include="FromCourses\BoneObject.cpp" />
    <ClCompile Include="FromCourses\SkinnedVertex.cpp" />
    <ClCompile Include="_MyHelpers\FPSLogger.cpp" />
    <ClCompile Include="_MyHelpers\MyUtilities.cpp" />
    <ClCompile Include="_Materials\ColorMaterial.cpp" />
    <ClCompile Include="_Materials\SkinnedDiffuseMaterial.cpp" />
    <ClCompile Include="_Materials\SpikeyMaterial.cpp" />
    <ClCompile Include="_Materials\UberMaterial.cpp" />
    <ClCompile Include="_Scenes\SC_Workshop.cpp" />
    <ClCompile Include="_MyPrefabs\Objects\PF_Character.cpp" />
    <ClCompile Include="_MyPrefabs\Objects\PF_Ground.cpp" />
    <ClCompile Include="_MyPrefabs\ScenePrefabs\PF_WorkshopEnviroment.cpp" />
    <ClCompile Include="_MyPrefabs\Objects\RobotCharacter\PF_RobotCharacter.cpp" />
    <ClCompile Include="_Scenes\SC_GymScene.cpp" />
    <ClCompile Include="_MyPrefabs\ScenePrefabs\PF_GymEnviroment.cpp" />
    <ClCompile Include="_MyPrefabs\Objects\Camera\PF_MultipleTargetCamera.cpp" />
    <ClCompile Include="_MyPrefabs\Objects\PF_TheBall.cpp" />
    <ClCompile Include="_Scenes\HardwareSkinningScene.cpp" />
    <ClCompile Include="_Scenes\FontTestScene.cpp" />
    <ClCompile Include="_MyHelpers\TimeManip.cpp" />
    <ClCompile Include="_Materials\TextureDiffuseMaterial.cpp" />
    <ClCompile Include="_Scenes\SC_MainMenu.cpp" />
    <ClCompile Include="_MyPrefabs\Objects\Camera\PF_OrthographicCamera.cpp" />
    <ClCompile Include="_MyComponents\AnimatedSpriteComponent.cpp" />
    <ClCompile Include="_Scenes\SC_StartScreen.cpp" />
    <ClCompile Include="_MyPrefabs\UI\PF_PlayerPawn.cpp" />
    <ClCompile Include="_MyPrefabs\UI\PF_GymUI.cpp" />
    <ClCompile Include="_MyPrefabs\ScenePrefabs\PF_Scoreboard.cpp" />
    <ClCompile Include="_Materials\Post\PostVignette.cpp" />
    <ClCompile Include="_Materials\Post\PostInvert.cpp" />
    <ClCompile Include="_MyPrefabs\ScenePrefabs\PF_GameMenu.cpp" />
    <ClCompile Include="_MyPrefabs\ScenePrefabs\PF_Endscreen.cpp" />
  </ItemGroup>
  <ItemGroup>
    <ClInclude Include="MainGame.h" />
    <ClInclude Include="stdafx.h" />
    <ClInclude Include="FromCourses\BoneObject.h" />
    <ClInclude Include="FromCourses\SkinnedVertex.h" />
    <ClInclude Include="_MyHelpers\FPSLogger.h" />
    <ClInclude Include="_MyHelpers\MyUtilities.h" />
    <ClInclude Include="_MyPrefabs\MyPrefabs.h" />
    <ClInclude Include="_Materials\ColorMaterial.h" />
    <ClInclude Include="_Materials\SkinnedDiffuseMaterial.h" />
    <ClInclude Include="_Materials\SpikeyMaterial.h" />
    <ClInclude Include="_Materials\UberMaterial.h" />
    <ClInclude Include="_Scenes\SC_Workshop.h" />
    <ClInclude Include="_MyPrefabs\Objects\PF_Character.h" />
    <ClInclude Include="_MyPrefabs\Objects\PF_Ground.h" />
    <ClInclude Include="_MyPrefabs\ScenePrefabs\MyPrefabs_ScenePrefabs.h" />
    <ClInclude Include="_MyPrefabs\Objects\MyPrefabs_ObjectPrefabs.h" />
    <ClInclude Include="_MyPrefabs\ScenePrefabs\PF_WorkshopEnviroment.h" />
    <ClInclude Include="_MyPrefabs\Objects\RobotCharacter\PF_RobotCharacter.h" />
    <ClInclude Include="_Materials\Materials.h" />
    <ClInclude Include="_MyPrefabs\ScenePrefabs\PF_GymEnviroment.h" />
    <ClInclude Include="_MyPrefabs\Objects\Camera\PF_MultipleTargetCamera.h" />
    <ClInclude Include="Utils.h" />
    <ClInclude Include="_MyPrefabs\Objects\PF_TheBall.h" />
    <ClInclude Include="_Scenes\HardwareSkinningScene.h" />
    <ClInclude Include="_Scenes\FontTestScene.h" />
    <ClInclude Include="_MyHelpers\TimeManip.h" />
    <ClInclude Include="_MyHelpers\ILocator.h" />
    <ClInclude Include="_Materials\TextureDiffuseMaterial.h" />
    <ClInclude Include="_Scenes\SC_MainMenu.h" />
    <ClInclude Include="_MyPrefabs\Objects\Camera\PF_OrthographicCamera.h" />
    <ClInclude Include="_MyComponents\AnimatedSpriteComponent.h" />
    <ClInclude Include="_MyComponents\MyComponents.h" />
    <ClInclude Include="_Scenes\SC_StartScreen.h" />
    <ClInclude Include="_MyPrefabs\UI\PF_PlayerPawn.h" />
    <ClInclude Include="_MyPrefabs\UI\PF_GymUI.h" />
    <ClInclude Include="_MyPrefabs\ScenePrefabs\PF_Scoreboard.h" />
    <ClInclude Include="_Scenes\SC_GymScene.h" />
    <ClInclude Include="_Materials\Post\PostVignette.h" />
    <ClInclude Include="_Materials\Post\PostInvert.h" />
    <ClInclude Include="_MyPrefabs\ScenePrefabs\PF_GameMenu.h" />
    <ClInclude Include="_MyPrefabs\ScenePrefabs\PF_Endscreen.h" />
  </ItemGroup>
  <ItemGroup>
    <None Include="_MyHelpers\ILocator.inl" />
  </ItemGroup>
</Project>